
Microsoft Visual Studio Solution File, Format Version 12.00
# Visual Studio Version 17
VisualStudioVersion = 17.0.31903.59
MinimumVisualStudioVersion = 10.0.40219.1
Project("{FAE04EC0-301F-11D3-BF4B-00C04F79EFBC}") = "BaseAspNetFramework", "BaseAspNetFramework\BaseAspNetFramework.csproj", "{77158ADE-97F0-4DF8-9E05-C72FE5768835}"
EndProject
Project("{FAE04EC0-301F-11D3-BF4B-00C04F79EFBC}") = "BaseAspnetFrameworkExtension", "BaseAspnetFrameworkExtension\BaseAspnetFrameworkExtension.csproj", "{3C40CAAE-72C1-42E6-9763-61FD4F7FCF3E}"
EndProject
Global
	GlobalSection(SolutionConfigurationPlatforms) = preSolution
		Debug|Any CPU = Debug|Any CPU
		Release|Any CPU = Release|Any CPU
	EndGlobalSection
	GlobalSection(ProjectConfigurationPlatforms) = postSolution
		{77158ADE-97F0-4DF8-9E05-C72FE5768835}.Debug|Any CPU.ActiveCfg = Debug|Any CPU
		{77158ADE-97F0-4DF8-9E05-C72FE5768835}.Debug|Any CPU.Build.0 = Debug|Any CPU
		{77158ADE-97F0-4DF8-9E05-C72FE5768835}.Release|Any CPU.ActiveCfg = Release|Any CPU
		{77158ADE-97F0-4DF8-9E05-C72FE5768835}.Release|Any CPU.Build.0 = Release|Any CPU
		{3C40CAAE-72C1-42E6-9763-61FD4F7FCF3E}.Debug|Any CPU.ActiveCfg = Debug|Any CPU
		{3C40CAAE-72C1-42E6-9763-61FD4F7FCF3E}.Debug|Any CPU.Build.0 = Debug|Any CPU
		{3C40CAAE-72C1-42E6-9763-61FD4F7FCF3E}.Release|Any CPU.ActiveCfg = Release|Any CPU
		{3C40CAAE-72C1-42E6-9763-61FD4F7FCF3E}.Release|Any CPU.Build.0 = Release|Any CPU
	EndGlobalSection
	GlobalSection(SolutionProperties) = preSolution
		HideSolutionNode = FALSE
	EndGlobalSection
	GlobalSection(ExtensibilityGlobals) = postSolution
		SolutionGuid = {BA0ABE97-476D-4842-932C-80D109DEE3A9}
	EndGlobalSection
EndGlobal
